
Microsoft Visual Studio Solution File, Format Version 12.00
# Visual Studio Version 16
VisualStudioVersion = 16.0.29609.76
MinimumVisualStudioVersion = 10.0.40219.1
Project("{FAE04EC0-301F-11D3-BF4B-00C04F79EFBC}") = "NickPortfolio", "NickPortfolio\NickPortfolio.csproj", "{0F07FD27-7EA3-435F-9CB4-5CD9EBA228A1}"
EndProject
Global
	GlobalSection(SolutionConfigurationPlatforms) = preSolution
		Debug|Any CPU = Debug|Any CPU
		Release|Any CPU = Release|Any CPU
	EndGlobalSection
	GlobalSection(ProjectConfigurationPlatforms) = postSolution
		{0F07FD27-7EA3-435F-9CB4-5CD9EBA228A1}.Debug|Any CPU.ActiveCfg = Debug|Any CPU
		{0F07FD27-7EA3-435F-9CB4-5CD9EBA228A1}.Debug|Any CPU.Build.0 = Debug|Any CPU
		{0F07FD27-7EA3-435F-9CB4-5CD9EBA228A1}.Release|Any CPU.ActiveCfg = Release|Any CPU
		{0F07FD27-7EA3-435F-9CB4-5CD9EBA228A1}.Release|Any CPU.Build.0 = Release|Any CPU
	EndGlobalSection
	GlobalSection(SolutionProperties) = preSolution
		HideSolutionNode = FALSE
	EndGlobalSection
	GlobalSection(ExtensibilityGlobals) = postSolution
		SolutionGuid = {53312F68-509C-46A1-846A-56C21C7A69C3}
	EndGlobalSection
EndGlobal
